
Microsoft Visual Studio Solution File, Format Version 12.00
# Visual Studio 14
VisualStudioVersion = 14.0.24720.0
MinimumVisualStudioVersion = 10.0.40219.1
Project("{FAE04EC0-301F-11D3-BF4B-00C04F79EFBC}") = "RhinoEmCity", "RhinoEmCity\RhinoEmCity.csproj", "{25A2B656-4EB0-4773-9B4E-55EEF5301C40}"
EndProject
Project("{FAE04EC0-301F-11D3-BF4B-00C04F79EFBC}") = "LuciClient.NET", "..\LuciClient.NET\LuciClient.NET.csproj", "{4D80A33D-6D76-431F-8E89-6FE72A2C648B}"
EndProject
Global
	GlobalSection(SolutionConfigurationPlatforms) = preSolution
		Debug|Any CPU = Debug|Any CPU
		Release|Any CPU = Release|Any CPU
	EndGlobalSection
	GlobalSection(ProjectConfigurationPlatforms) = postSolution
		{25A2B656-4EB0-4773-9B4E-55EEF5301C40}.Debug|Any CPU.ActiveCfg = Debug|Any CPU
		{25A2B656-4EB0-4773-9B4E-55EEF5301C40}.Debug|Any CPU.Build.0 = Debug|Any CPU
		{25A2B656-4EB0-4773-9B4E-55EEF5301C40}.Release|Any CPU.ActiveCfg = Release|Any CPU
		{25A2B656-4EB0-4773-9B4E-55EEF5301C40}.Release|Any CPU.Build.0 = Release|Any CPU
		{4D80A33D-6D76-431F-8E89-6FE72A2C648B}.Debug|Any CPU.ActiveCfg = Debug|Any CPU
		{4D80A33D-6D76-431F-8E89-6FE72A2C648B}.Debug|Any CPU.Build.0 = Debug|Any CPU
		{4D80A33D-6D76-431F-8E89-6FE72A2C648B}.Release|Any CPU.ActiveCfg = Release|Any CPU
		{4D80A33D-6D76-431F-8E89-6FE72A2C648B}.Release|Any CPU.Build.0 = Release|Any CPU
	EndGlobalSection
	GlobalSection(SolutionProperties) = preSolution
		HideSolutionNode = FALSE
	EndGlobalSection
EndGlobal
